
Microsoft Visual Studio Solution File, Format Version 11.00
# Visual Studio 2010
Project("{FAE04EC0-301F-11D3-BF4B-00C04F79EFBC}") = "Lalosoft.Common", "Lalosoft.Common\Lalosoft.Common.csproj", "{6CEDD2FA-C97C-4625-BAA0-DF677DD62ABB}"
EndProject
Project("{FAE04EC0-301F-11D3-BF4B-00C04F79EFBC}") = "Lalosoft.Common.Versioning", "Lalosoft.Common.Versioning\Lalosoft.Common.Versioning.csproj", "{0F2E5F2C-7B28-4144-9D9E-167FC814C286}"
EndProject
Project("{FAE04EC0-301F-11D3-BF4B-00C04F79EFBC}") = "Lalosoft.Common.Attributes", "Lalosoft.Common.Attributes\Lalosoft.Common.Attributes.csproj", "{912A2B97-D452-4D53-ADDF-2BADFA074D1B}"
EndProject
Project("{FAE04EC0-301F-11D3-BF4B-00C04F79EFBC}") = "Lalosoft.Common.DisplayList", "Lalosoft.Common.DisplayList\Lalosoft.Common.DisplayList.csproj", "{D0180998-BFF8-48B0-A982-7710AE189B33}"
EndProject
Project("{FAE04EC0-301F-11D3-BF4B-00C04F79EFBC}") = "Lalosoft.Common.Lib", "Lalosoft.Common.Lib\Lalosoft.Common.Lib.csproj", "{EF4651F6-0390-4ADD-B12F-9CC504D0B6B9}"
EndProject
Project("{FAE04EC0-301F-11D3-BF4B-00C04F79EFBC}") = "Lalosoft.Common.Exceptions", "Lalosoft.Common.Exceptions\Lalosoft.Common.Exceptions.csproj", "{D645A7AA-A382-4425-B7C4-DB2ECA07E7EA}"
EndProject
Project("{FAE04EC0-301F-11D3-BF4B-00C04F79EFBC}") = "Lalosoft.Controls.DateTimePicker", "..\..\Lalosoft.Controls\Source\Lalosoft.DateTimePicker\Lalosoft.Controls.DateTimePicker.csproj", "{4ED94786-2A1B-4A94-B25B-D0B2BEAA900E}"
EndProject
Project("{FAE04EC0-301F-11D3-BF4B-00C04F79EFBC}") = "Lalosoft.Controls.ConnectionStringDialog", "..\..\Lalosoft.Controls\Source\Lalosoft.Controls.ConnectionStringDialog\Lalosoft.Controls.ConnectionStringDialog.csproj", "{8D81FE9B-389B-4D01-B5FC-1AC550998940}"
EndProject
Global
	GlobalSection(SolutionConfigurationPlatforms) = preSolution
		Debug|Any CPU = Debug|Any CPU
		Debug|x86 = Debug|x86
		Release|Any CPU = Release|Any CPU
		Release|x86 = Release|x86
		ReleaseInstallers|Any CPU = ReleaseInstallers|Any CPU
		ReleaseInstallers|x86 = ReleaseInstallers|x86
	EndGlobalSection
	GlobalSection(ProjectConfigurationPlatforms) = postSolution
		{6CEDD2FA-C97C-4625-BAA0-DF677DD62ABB}.Debug|Any CPU.ActiveCfg = Debug|Any CPU
		{6CEDD2FA-C97C-4625-BAA0-DF677DD62ABB}.Debug|Any CPU.Build.0 = Debug|Any CPU
		{6CEDD2FA-C97C-4625-BAA0-DF677DD62ABB}.Debug|x86.ActiveCfg = Debug|x86
		{6CEDD2FA-C97C-4625-BAA0-DF677DD62ABB}.Debug|x86.Build.0 = Debug|x86
		{6CEDD2FA-C97C-4625-BAA0-DF677DD62ABB}.Release|Any CPU.ActiveCfg = Release|Any CPU
		{6CEDD2FA-C97C-4625-BAA0-DF677DD62ABB}.Release|Any CPU.Build.0 = Release|Any CPU
		{6CEDD2FA-C97C-4625-BAA0-DF677DD62ABB}.Release|x86.ActiveCfg = Release|x86
		{6CEDD2FA-C97C-4625-BAA0-DF677DD62ABB}.Release|x86.Build.0 = Release|x86
		{6CEDD2FA-C97C-4625-BAA0-DF677DD62ABB}.ReleaseInstallers|Any CPU.ActiveCfg = ReleaseInstallers|Any CPU
		{6CEDD2FA-C97C-4625-BAA0-DF677DD62ABB}.ReleaseInstallers|x86.ActiveCfg = ReleaseInstallers|x86
		{6CEDD2FA-C97C-4625-BAA0-DF677DD62ABB}.ReleaseInstallers|x86.Build.0 = ReleaseInstallers|x86
		{0F2E5F2C-7B28-4144-9D9E-167FC814C286}.Debug|Any CPU.ActiveCfg = Debug|Any CPU
		{0F2E5F2C-7B28-4144-9D9E-167FC814C286}.Debug|Any CPU.Build.0 = Debug|Any CPU
		{0F2E5F2C-7B28-4144-9D9E-167FC814C286}.Debug|x86.ActiveCfg = Debug|x86
		{0F2E5F2C-7B28-4144-9D9E-167FC814C286}.Debug|x86.Build.0 = Debug|x86
		{0F2E5F2C-7B28-4144-9D9E-167FC814C286}.Release|Any CPU.ActiveCfg = Release|Any CPU
		{0F2E5F2C-7B28-4144-9D9E-167FC814C286}.Release|Any CPU.Build.0 = Release|Any CPU
		{0F2E5F2C-7B28-4144-9D9E-167FC814C286}.Release|x86.ActiveCfg = Release|x86
		{0F2E5F2C-7B28-4144-9D9E-167FC814C286}.Release|x86.Build.0 = Release|x86
		{0F2E5F2C-7B28-4144-9D9E-167FC814C286}.ReleaseInstallers|Any CPU.ActiveCfg = ReleaseInstallers|Any CPU
		{0F2E5F2C-7B28-4144-9D9E-167FC814C286}.ReleaseInstallers|x86.ActiveCfg = ReleaseInstallers|x86
		{0F2E5F2C-7B28-4144-9D9E-167FC814C286}.ReleaseInstallers|x86.Build.0 = ReleaseInstallers|x86
		{912A2B97-D452-4D53-ADDF-2BADFA074D1B}.Debug|Any CPU.ActiveCfg = Debug|Any CPU
		{912A2B97-D452-4D53-ADDF-2BADFA074D1B}.Debug|Any CPU.Build.0 = Debug|Any CPU
		{912A2B97-D452-4D53-ADDF-2BADFA074D1B}.Debug|x86.ActiveCfg = Debug|x86
		{912A2B97-D452-4D53-ADDF-2BADFA074D1B}.Debug|x86.Build.0 = Debug|x86
		{912A2B97-D452-4D53-ADDF-2BADFA074D1B}.Release|Any CPU.ActiveCfg = Release|Any CPU
		{912A2B97-D452-4D53-ADDF-2BADFA074D1B}.Release|Any CPU.Build.0 = Release|Any CPU
		{912A2B97-D452-4D53-ADDF-2BADFA074D1B}.Release|x86.ActiveCfg = Release|x86
		{912A2B97-D452-4D53-ADDF-2BADFA074D1B}.Release|x86.Build.0 = Release|x86
		{912A2B97-D452-4D53-ADDF-2BADFA074D1B}.ReleaseInstallers|Any CPU.ActiveCfg = ReleaseInstallers|Any CPU
		{912A2B97-D452-4D53-ADDF-2BADFA074D1B}.ReleaseInstallers|x86.ActiveCfg = ReleaseInstallers|x86
		{912A2B97-D452-4D53-ADDF-2BADFA074D1B}.ReleaseInstallers|x86.Build.0 = ReleaseInstallers|x86
		{D0180998-BFF8-48B0-A982-7710AE189B33}.Debug|Any CPU.ActiveCfg = Debug|Any CPU
		{D0180998-BFF8-48B0-A982-7710AE189B33}.Debug|Any CPU.Build.0 = Debug|Any CPU
		{D0180998-BFF8-48B0-A982-7710AE189B33}.Debug|x86.ActiveCfg = Debug|x86
		{D0180998-BFF8-48B0-A982-7710AE189B33}.Debug|x86.Build.0 = Debug|x86
		{D0180998-BFF8-48B0-A982-7710AE189B33}.Release|Any CPU.ActiveCfg = Release|Any CPU
		{D0180998-BFF8-48B0-A982-7710AE189B33}.Release|Any CPU.Build.0 = Release|Any CPU
		{D0180998-BFF8-48B0-A982-7710AE189B33}.Release|x86.ActiveCfg = Release|x86
		{D0180998-BFF8-48B0-A982-7710AE189B33}.Release|x86.Build.0 = Release|x86
		{D0180998-BFF8-48B0-A982-7710AE189B33}.ReleaseInstallers|Any CPU.ActiveCfg = ReleaseInstallers|Any CPU
		{D0180998-BFF8-48B0-A982-7710AE189B33}.ReleaseInstallers|x86.ActiveCfg = ReleaseInstallers|x86
		{D0180998-BFF8-48B0-A982-7710AE189B33}.ReleaseInstallers|x86.Build.0 = ReleaseInstallers|x86
		{EF4651F6-0390-4ADD-B12F-9CC504D0B6B9}.Debug|Any CPU.ActiveCfg = Debug|Any CPU
		{EF4651F6-0390-4ADD-B12F-9CC504D0B6B9}.Debug|Any CPU.Build.0 = Debug|Any CPU
		{EF4651F6-0390-4ADD-B12F-9CC504D0B6B9}.Debug|x86.ActiveCfg = Debug|x86
		{EF4651F6-0390-4ADD-B12F-9CC504D0B6B9}.Debug|x86.Build.0 = Debug|x86
		{EF4651F6-0390-4ADD-B12F-9CC504D0B6B9}.Release|Any CPU.ActiveCfg = Release|Any CPU
		{EF4651F6-0390-4ADD-B12F-9CC504D0B6B9}.Release|Any CPU.Build.0 = Release|Any CPU
		{EF4651F6-0390-4ADD-B12F-9CC504D0B6B9}.Release|x86.ActiveCfg = Release|x86
		{EF4651F6-0390-4ADD-B12F-9CC504D0B6B9}.Release|x86.Build.0 = Release|x86
		{EF4651F6-0390-4ADD-B12F-9CC504D0B6B9}.ReleaseInstallers|Any CPU.ActiveCfg = ReleaseInstallers|Any CPU
		{EF4651F6-0390-4ADD-B12F-9CC504D0B6B9}.ReleaseInstallers|x86.ActiveCfg = ReleaseInstallers|x86
		{EF4651F6-0390-4ADD-B12F-9CC504D0B6B9}.ReleaseInstallers|x86.Build.0 = ReleaseInstallers|x86
		{D645A7AA-A382-4425-B7C4-DB2ECA07E7EA}.Debug|Any CPU.ActiveCfg = Debug|Any CPU
		{D645A7AA-A382-4425-B7C4-DB2ECA07E7EA}.Debug|Any CPU.Build.0 = Debug|Any CPU
		{D645A7AA-A382-4425-B7C4-DB2ECA07E7EA}.Debug|x86.ActiveCfg = Debug|x86
		{D645A7AA-A382-4425-B7C4-DB2ECA07E7EA}.Debug|x86.Build.0 = Debug|x86
		{D645A7AA-A382-4425-B7C4-DB2ECA07E7EA}.Release|Any CPU.ActiveCfg = Release|Any CPU
		{D645A7AA-A382-4425-B7C4-DB2ECA07E7EA}.Release|Any CPU.Build.0 = Release|Any CPU
		{D645A7AA-A382-4425-B7C4-DB2ECA07E7EA}.Release|x86.ActiveCfg = Release|x86
		{D645A7AA-A382-4425-B7C4-DB2ECA07E7EA}.Release|x86.Build.0 = Release|x86
		{D645A7AA-A382-4425-B7C4-DB2ECA07E7EA}.ReleaseInstallers|Any CPU.ActiveCfg = ReleaseInstallers|Any CPU
		{D645A7AA-A382-4425-B7C4-DB2ECA07E7EA}.ReleaseInstallers|x86.ActiveCfg = ReleaseInstallers|x86
		{D645A7AA-A382-4425-B7C4-DB2ECA07E7EA}.ReleaseInstallers|x86.Build.0 = ReleaseInstallers|x86
		{4ED94786-2A1B-4A94-B25B-D0B2BEAA900E}.Debug|Any CPU.ActiveCfg = Debug|Any CPU
		{4ED94786-2A1B-4A94-B25B-D0B2BEAA900E}.Debug|Any CPU.Build.0 = Debug|Any CPU
		{4ED94786-2A1B-4A94-B25B-D0B2BEAA900E}.Debug|x86.ActiveCfg = Debug|x86
		{4ED94786-2A1B-4A94-B25B-D0B2BEAA900E}.Debug|x86.Build.0 = Debug|x86
		{4ED94786-2A1B-4A94-B25B-D0B2BEAA900E}.Release|Any CPU.ActiveCfg = Release|Any CPU
		{4ED94786-2A1B-4A94-B25B-D0B2BEAA900E}.Release|Any CPU.Build.0 = Release|Any CPU
		{4ED94786-2A1B-4A94-B25B-D0B2BEAA900E}.Release|x86.ActiveCfg = Release|x86
		{4ED94786-2A1B-4A94-B25B-D0B2BEAA900E}.Release|x86.Build.0 = Release|x86
		{4ED94786-2A1B-4A94-B25B-D0B2BEAA900E}.ReleaseInstallers|Any CPU.ActiveCfg = Release|x86
		{4ED94786-2A1B-4A94-B25B-D0B2BEAA900E}.ReleaseInstallers|x86.ActiveCfg = Release|x86
		{4ED94786-2A1B-4A94-B25B-D0B2BEAA900E}.ReleaseInstallers|x86.Build.0 = Release|x86
		{8D81FE9B-389B-4D01-B5FC-1AC550998940}.Debug|Any CPU.ActiveCfg = Debug|Any CPU
		{8D81FE9B-389B-4D01-B5FC-1AC550998940}.Debug|Any CPU.Build.0 = Debug|Any CPU
		{8D81FE9B-389B-4D01-B5FC-1AC550998940}.Debug|x86.ActiveCfg = Debug|x86
		{8D81FE9B-389B-4D01-B5FC-1AC550998940}.Debug|x86.Build.0 = Debug|x86
		{8D81FE9B-389B-4D01-B5FC-1AC550998940}.Release|Any CPU.ActiveCfg = Release|Any CPU
		{8D81FE9B-389B-4D01-B5FC-1AC550998940}.Release|Any CPU.Build.0 = Release|Any CPU
		{8D81FE9B-389B-4D01-B5FC-1AC550998940}.Release|x86.ActiveCfg = Release|x86
		{8D81FE9B-389B-4D01-B5FC-1AC550998940}.Release|x86.Build.0 = Release|x86
		{8D81FE9B-389B-4D01-B5FC-1AC550998940}.ReleaseInstallers|Any CPU.ActiveCfg = Release|x86
		{8D81FE9B-389B-4D01-B5FC-1AC550998940}.ReleaseInstallers|x86.ActiveCfg = Release|x86
		{8D81FE9B-389B-4D01-B5FC-1AC550998940}.ReleaseInstallers|x86.Build.0 = Release|x86
	EndGlobalSection
	GlobalSection(SolutionProperties) = preSolution
		HideSolutionNode = FALSE
	EndGlobalSection
EndGlobal
